// !$*UTF8*$!
{
	archiveVersion = 1;
	classes = {
	};
	objectVersion = 50;
	objects = {

/* Begin PBXBuildFile section */
		2F3ABB4DE770C19C8A12D29D /* Pods_AFMusicPlaylist.framework in Frameworks */ = {isa = PBXBuildFile; fileRef = 6DF6EC95DCF9276DE25C09A1 /* Pods_AFMusicPlaylist.framework */; };
		89F03D7F2369E821003E10E3 /* AppDelegate.swift in Sources */ = {isa = PBXBuildFile; fileRef = 89F03D7E2369E821003E10E3 /* AppDelegate.swift */; };
		89F03D832369E821003E10E3 /* ViewController.swift in Sources */ = {isa = PBXBuildFile; fileRef = 89F03D822369E821003E10E3 /* ViewController.swift */; };
		89F03D892369E821003E10E3 /* AFMusicPlaylist.xcdatamodeld in Sources */ = {isa = PBXBuildFile; fileRef = 89F03D872369E821003E10E3 /* AFMusicPlaylist.xcdatamodeld */; };
		89F03D8B2369E823003E10E3 /* Assets.xcassets in Resources */ = {isa = PBXBuildFile; fileRef = 89F03D8A2369E823003E10E3 /* Assets.xcassets */; };
		89F03D8E2369E823003E10E3 /* LaunchScreen.storyboard in Resources */ = {isa = PBXBuildFile; fileRef = 89F03D8C2369E823003E10E3 /* LaunchScreen.storyboard */; };
		89F03D972369E9D4003E10E3 /* CDUtility.swift in Sources */ = {isa = PBXBuildFile; fileRef = 89F03D962369E9D4003E10E3 /* CDUtility.swift */; };
		89F03D9A2369EADB003E10E3 /* CoreDataEntity.swift in Sources */ = {isa = PBXBuildFile; fileRef = 89F03D992369EADB003E10E3 /* CoreDataEntity.swift */; };
		89F03DC62369EE23003E10E3 /* SearchHandlerDataSource.swift in Sources */ = {isa = PBXBuildFile; fileRef = 89F03D9F2369EE23003E10E3 /* SearchHandlerDataSource.swift */; };
		89F03DCC2369EE23003E10E3 /* SOSearchViewManager.swift in Sources */ = {isa = PBXBuildFile; fileRef = 89F03DA72369EE23003E10E3 /* SOSearchViewManager.swift */; };
		89F03DCD2369EE23003E10E3 /* SOFiltarableSearchList.swift in Sources */ = {isa = PBXBuildFile; fileRef = 89F03DA82369EE23003E10E3 /* SOFiltarableSearchList.swift */; };
		89F03DCF2369EE23003E10E3 /* SOSearchView.swift in Sources */ = {isa = PBXBuildFile; fileRef = 89F03DAB2369EE23003E10E3 /* SOSearchView.swift */; };
		89F03DD22369EE23003E10E3 /* PersonSelectionViewData.swift in Sources */ = {isa = PBXBuildFile; fileRef = 89F03DAF2369EE23003E10E3 /* PersonSelectionViewData.swift */; };
		89F03DD32369EE23003E10E3 /* SOSearchData.swift in Sources */ = {isa = PBXBuildFile; fileRef = 89F03DB02369EE23003E10E3 /* SOSearchData.swift */; };
		89F03DE12369EE23003E10E3 /* ShowableObjectSearchController.swift in Sources */ = {isa = PBXBuildFile; fileRef = 89F03DBF2369EE23003E10E3 /* ShowableObjectSearchController.swift */; };
		89F03DE22369EE23003E10E3 /* SearchRowAction.swift in Sources */ = {isa = PBXBuildFile; fileRef = 89F03DC12369EE23003E10E3 /* SearchRowAction.swift */; };
		89F03DE32369EE23003E10E3 /* SortCell.swift in Sources */ = {isa = PBXBuildFile; fileRef = 89F03DC22369EE23003E10E3 /* SortCell.swift */; };
		89F03DE42369EE23003E10E3 /* ShowableObjectSearchCell.swift in Sources */ = {isa = PBXBuildFile; fileRef = 89F03DC32369EE23003E10E3 /* ShowableObjectSearchCell.swift */; };
		89F03DE52369EE23003E10E3 /* ButtonCell.swift in Sources */ = {isa = PBXBuildFile; fileRef = 89F03DC42369EE23003E10E3 /* ButtonCell.swift */; };
		89F03DE62369EE23003E10E3 /* Array+FilteredSearch.swift in Sources */ = {isa = PBXBuildFile; fileRef = 89F03DC52369EE23003E10E3 /* Array+FilteredSearch.swift */; };
		89F03DEA2369EE99003E10E3 /* NavigationBar.swift in Sources */ = {isa = PBXBuildFile; fileRef = 89F03DE82369EE99003E10E3 /* NavigationBar.swift */; };
		89F03DEB2369EE99003E10E3 /* CommonViewController.swift in Sources */ = {isa = PBXBuildFile; fileRef = 89F03DE92369EE99003E10E3 /* CommonViewController.swift */; };
		89F03DF82369F5C4003E10E3 /* UIViewExtensions.swift in Sources */ = {isa = PBXBuildFile; fileRef = 89F03DF62369F5C4003E10E3 /* UIViewExtensions.swift */; };
		89F03DF92369F5C4003E10E3 /* StringExtension.swift in Sources */ = {isa = PBXBuildFile; fileRef = 89F03DF72369F5C4003E10E3 /* StringExtension.swift */; };
		89F03DFC2369F5CF003E10E3 /* UIExtensions.swift in Sources */ = {isa = PBXBuildFile; fileRef = 89F03DFA2369F5CF003E10E3 /* UIExtensions.swift */; };
		89F03DFD2369F5CF003E10E3 /* SwiftExtensions.swift in Sources */ = {isa = PBXBuildFile; fileRef = 89F03DFB2369F5CF003E10E3 /* SwiftExtensions.swift */; };
		89F03DFF2369F604003E10E3 /* DeviceSizesExtensions.swift in Sources */ = {isa = PBXBuildFile; fileRef = 89F03DFE2369F604003E10E3 /* DeviceSizesExtensions.swift */; };
		89F03E042369F6BE003E10E3 /* LabeledSwitch.swift in Sources */ = {isa = PBXBuildFile; fileRef = 89F03E012369F6BE003E10E3 /* LabeledSwitch.swift */; };
		89F03E052369F6BE003E10E3 /* ButtonActionView.swift in Sources */ = {isa = PBXBuildFile; fileRef = 89F03E022369F6BE003E10E3 /* ButtonActionView.swift */; };
/* End PBXBuildFile section */

/* Begin PBXFileReference section */
		47A9B140637119053B270362 /* Pods-AFMusicPlaylist.debug.xcconfig */ = {isa = PBXFileReference; includeInIndex = 1; lastKnownFileType = text.xcconfig; name = "Pods-AFMusicPlaylist.debug.xcconfig"; path = "Target Support Files/Pods-AFMusicPlaylist/Pods-AFMusicPlaylist.debug.xcconfig"; sourceTree = "<group>"; };
		6DF6EC95DCF9276DE25C09A1 /* Pods_AFMusicPlaylist.framework */ = {isa = PBXFileReference; explicitFileType = wrapper.framework; includeInIndex = 0; path = Pods_AFMusicPlaylist.framework; sourceTree = BUILT_PRODUCTS_DIR; };
		89F03D7B2369E821003E10E3 /* AFMusicPlaylist.app */ = {isa = PBXFileReference; explicitFileType = wrapper.application; includeInIndex = 0; path = AFMusicPlaylist.app; sourceTree = BUILT_PRODUCTS_DIR; };
		89F03D7E2369E821003E10E3 /* AppDelegate.swift */ = {isa = PBXFileReference; lastKnownFileType = sourcecode.swift; path = AppDelegate.swift; sourceTree = "<group>"; };
		89F03D822369E821003E10E3 /* ViewController.swift */ = {isa = PBXFileReference; lastKnownFileType = sourcecode.swift; path = ViewController.swift; sourceTree = "<group>"; };
		89F03D882369E821003E10E3 /* AFMusicPlaylist.xcdatamodel */ = {isa = PBXFileReference; lastKnownFileType = wrapper.xcdatamodel; path = AFMusicPlaylist.xcdatamodel; sourceTree = "<group>"; };
		89F03D8A2369E823003E10E3 /* Assets.xcassets */ = {isa = PBXFileReference; lastKnownFileType = folder.assetcatalog; path = Assets.xcassets; sourceTree = "<group>"; };
		89F03D8D2369E823003E10E3 /* Base */ = {isa = PBXFileReference; lastKnownFileType = file.storyboard; name = Base; path = Base.lproj/LaunchScreen.storyboard; sourceTree = "<group>"; };
		89F03D8F2369E823003E10E3 /* Info.plist */ = {isa = PBXFileReference; lastKnownFileType = text.plist.xml; path = Info.plist; sourceTree = "<group>"; };
		89F03D962369E9D4003E10E3 /* CDUtility.swift */ = {isa = PBXFileReference; lastKnownFileType = sourcecode.swift; path = CDUtility.swift; sourceTree = "<group>"; };
		89F03D992369EADB003E10E3 /* CoreDataEntity.swift */ = {isa = PBXFileReference; lastKnownFileType = sourcecode.swift; path = CoreDataEntity.swift; sourceTree = "<group>"; };
		89F03D9F2369EE23003E10E3 /* SearchHandlerDataSource.swift */ = {isa = PBXFileReference; fileEncoding = 4; lastKnownFileType = sourcecode.swift; path = SearchHandlerDataSource.swift; sourceTree = "<group>"; };
		89F03DA72369EE23003E10E3 /* SOSearchViewManager.swift */ = {isa = PBXFileReference; fileEncoding = 4; lastKnownFileType = sourcecode.swift; path = SOSearchViewManager.swift; sourceTree = "<group>"; };
		89F03DA82369EE23003E10E3 /* SOFiltarableSearchList.swift */ = {isa = PBXFileReference; fileEncoding = 4; lastKnownFileType = sourcecode.swift; path = SOFiltarableSearchList.swift; sourceTree = "<group>"; };
		89F03DAB2369EE23003E10E3 /* SOSearchView.swift */ = {isa = PBXFileReference; fileEncoding = 4; lastKnownFileType = sourcecode.swift; path = SOSearchView.swift; sourceTree = "<group>"; };
		89F03DAF2369EE23003E10E3 /* PersonSelectionViewData.swift */ = {isa = PBXFileReference; fileEncoding = 4; lastKnownFileType = sourcecode.swift; path = PersonSelectionViewData.swift; sourceTree = "<group>"; };
		89F03DB02369EE23003E10E3 /* SOSearchData.swift */ = {isa = PBXFileReference; fileEncoding = 4; lastKnownFileType = sourcecode.swift; path = SOSearchData.swift; sourceTree = "<group>"; };
		89F03DBF2369EE23003E10E3 /* ShowableObjectSearchController.swift */ = {isa = PBXFileReference; fileEncoding = 4; lastKnownFileType = sourcecode.swift; path = ShowableObjectSearchController.swift; sourceTree = "<group>"; };
		89F03DC12369EE23003E10E3 /* SearchRowAction.swift */ = {isa = PBXFileReference; fileEncoding = 4; lastKnownFileType = sourcecode.swift; path = SearchRowAction.swift; sourceTree = "<group>"; };
		89F03DC22369EE23003E10E3 /* SortCell.swift */ = {isa = PBXFileReference; fileEncoding = 4; lastKnownFileType = sourcecode.swift; path = SortCell.swift; sourceTree = "<group>"; };
		89F03DC32369EE23003E10E3 /* ShowableObjectSearchCell.swift */ = {isa = PBXFileReference; fileEncoding = 4; lastKnownFileType = sourcecode.swift; path = ShowableObjectSearchCell.swift; sourceTree = "<group>"; };
		89F03DC42369EE23003E10E3 /* ButtonCell.swift */ = {isa = PBXFileReference; fileEncoding = 4; lastKnownFileType = sourcecode.swift; path = ButtonCell.swift; sourceTree = "<group>"; };
		89F03DC52369EE23003E10E3 /* Array+FilteredSearch.swift */ = {isa = PBXFileReference; fileEncoding = 4; lastKnownFileType = sourcecode.swift; path = "Array+FilteredSearch.swift"; sourceTree = "<group>"; };
		89F03DE82369EE99003E10E3 /* NavigationBar.swift */ = {isa = PBXFileReference; fileEncoding = 4; lastKnownFileType = sourcecode.swift; path = NavigationBar.swift; sourceTree = "<group>"; };
		89F03DE92369EE99003E10E3 /* CommonViewController.swift */ = {isa = PBXFileReference; fileEncoding = 4; lastKnownFileType = sourcecode.swift; path = CommonViewController.swift; sourceTree = "<group>"; };
		89F03DF62369F5C4003E10E3 /* UIViewExtensions.swift */ = {isa = PBXFileReference; fileEncoding = 4; lastKnownFileType = sourcecode.swift; path = UIViewExtensions.swift; sourceTree = "<group>"; };
		89F03DF72369F5C4003E10E3 /* StringExtension.swift */ = {isa = PBXFileReference; fileEncoding = 4; lastKnownFileType = sourcecode.swift; path = StringExtension.swift; sourceTree = "<group>"; };
		89F03DFA2369F5CF003E10E3 /* UIExtensions.swift */ = {isa = PBXFileReference; fileEncoding = 4; lastKnownFileType = sourcecode.swift; path = UIExtensions.swift; sourceTree = "<group>"; };
		89F03DFB2369F5CF003E10E3 /* SwiftExtensions.swift */ = {isa = PBXFileReference; fileEncoding = 4; lastKnownFileType = sourcecode.swift; path = SwiftExtensions.swift; sourceTree = "<group>"; };
		89F03DFE2369F604003E10E3 /* DeviceSizesExtensions.swift */ = {isa = PBXFileReference; fileEncoding = 4; lastKnownFileType = sourcecode.swift; path = DeviceSizesExtensions.swift; sourceTree = "<group>"; };
		89F03E012369F6BE003E10E3 /* LabeledSwitch.swift */ = {isa = PBXFileReference; fileEncoding = 4; lastKnownFileType = sourcecode.swift; path = LabeledSwitch.swift; sourceTree = "<group>"; };
		89F03E022369F6BE003E10E3 /* ButtonActionView.swift */ = {isa = PBXFileReference; fileEncoding = 4; lastKnownFileType = sourcecode.swift; path = ButtonActionView.swift; sourceTree = "<group>"; };
		9E327B47EFEF6C163BD0E4BA /* Pods-AFMusicPlaylist.release.xcconfig */ = {isa = PBXFileReference; includeInIndex = 1; lastKnownFileType = text.xcconfig; name = "Pods-AFMusicPlaylist.release.xcconfig"; path = "Target Support Files/Pods-AFMusicPlaylist/Pods-AFMusicPlaylist.release.xcconfig"; sourceTree = "<group>"; };
/* End PBXFileReference section */

/* Begin PBXFrameworksBuildPhase section */
		89F03D782369E821003E10E3 /* Frameworks */ = {
			isa = PBXFrameworksBuildPhase;
			buildActionMask = 2147483647;
			files = (
				2F3ABB4DE770C19C8A12D29D /* Pods_AFMusicPlaylist.framework in Frameworks */,
			);
			runOnlyForDeploymentPostprocessing = 0;
		};
/* End PBXFrameworksBuildPhase section */

/* Begin PBXGroup section */
		658413D9F58C0B56D1B434E2 /* Frameworks */ = {
			isa = PBXGroup;
			children = (
				6DF6EC95DCF9276DE25C09A1 /* Pods_AFMusicPlaylist.framework */,
			);
			name = Frameworks;
			sourceTree = "<group>";
		};
		89F03D722369E821003E10E3 = {
			isa = PBXGroup;
			children = (
				89F03D7D2369E821003E10E3 /* AFMusicPlaylist */,
				89F03D7C2369E821003E10E3 /* Products */,
				A0AEB3C3FD97B4A39DB890EF /* Pods */,
				658413D9F58C0B56D1B434E2 /* Frameworks */,
			);
			sourceTree = "<group>";
		};
		89F03D7C2369E821003E10E3 /* Products */ = {
			isa = PBXGroup;
			children = (
				89F03D7B2369E821003E10E3 /* AFMusicPlaylist.app */,
			);
			name = Products;
			sourceTree = "<group>";
		};
		89F03D7D2369E821003E10E3 /* AFMusicPlaylist */ = {
			isa = PBXGroup;
			children = (
				89F03D822369E821003E10E3 /* ViewController.swift */,
				89F03E072369FE5F003E10E3 /* SystemFiles */,
				89F03D982369EACD003E10E3 /* CoreDataModels */,
				89F03D952369E9C8003E10E3 /* Utility */,
			);
			path = AFMusicPlaylist;
			sourceTree = "<group>";
		};
		89F03D952369E9C8003E10E3 /* Utility */ = {
			isa = PBXGroup;
			children = (
				89F03E062369F6C1003E10E3 /* CustomViews */,
				89F03DF52369F5B0003E10E3 /* Extensions */,
				89F03DE72369EE99003E10E3 /* CommonVC */,
				89F03D9D2369EE23003E10E3 /* ShowableObjectSearchController */,
				89F03D962369E9D4003E10E3 /* CDUtility.swift */,
			);
			path = Utility;
			sourceTree = "<group>";
		};
		89F03D982369EACD003E10E3 /* CoreDataModels */ = {
			isa = PBXGroup;
			children = (
				89F03D872369E821003E10E3 /* AFMusicPlaylist.xcdatamodeld */,
				89F03D992369EADB003E10E3 /* CoreDataEntity.swift */,
			);
			path = CoreDataModels;
			sourceTree = "<group>";
		};
		89F03D9D2369EE23003E10E3 /* ShowableObjectSearchController */ = {
			isa = PBXGroup;
			children = (
				89F03D9E2369EE23003E10E3 /* ShowableObjectSearchDataVC */,
				89F03DBF2369EE23003E10E3 /* ShowableObjectSearchController.swift */,
				89F03DC02369EE23003E10E3 /* CustomCells */,
				89F03DC52369EE23003E10E3 /* Array+FilteredSearch.swift */,
			);
			name = ShowableObjectSearchController;
			path = ../../../../BMSI/BestatterprogrammI/Utility/CustomViews/ShowableObjectSearchController;
			sourceTree = "<group>";
		};
		89F03D9E2369EE23003E10E3 /* ShowableObjectSearchDataVC */ = {
			isa = PBXGroup;
			children = (
				89F03D9F2369EE23003E10E3 /* SearchHandlerDataSource.swift */,
				89F03DA12369EE23003E10E3 /* SOSearchView */,
			);
			path = ShowableObjectSearchDataVC;
			sourceTree = "<group>";
		};
		89F03DA12369EE23003E10E3 /* SOSearchView */ = {
			isa = PBXGroup;
			children = (
				89F03DB02369EE23003E10E3 /* SOSearchData.swift */,
				89F03DA22369EE23003E10E3 /* SearchViewManagers */,
				89F03DAB2369EE23003E10E3 /* SOSearchView.swift */,
				89F03DAC2369EE23003E10E3 /* SearchData */,
			);
			path = SOSearchView;
			sourceTree = "<group>";
		};
		89F03DA22369EE23003E10E3 /* SearchViewManagers */ = {
			isa = PBXGroup;
			children = (
				89F03DA72369EE23003E10E3 /* SOSearchViewManager.swift */,
				89F03DA82369EE23003E10E3 /* SOFiltarableSearchList.swift */,
			);
			path = SearchViewManagers;
			sourceTree = "<group>";
		};
		89F03DAC2369EE23003E10E3 /* SearchData */ = {
			isa = PBXGroup;
			children = (
				89F03DAF2369EE23003E10E3 /* PersonSelectionViewData.swift */,
			);
			path = SearchData;
			sourceTree = "<group>";
		};
		89F03DC02369EE23003E10E3 /* CustomCells */ = {
			isa = PBXGroup;
			children = (
				89F03DC12369EE23003E10E3 /* SearchRowAction.swift */,
				89F03DC22369EE23003E10E3 /* SortCell.swift */,
				89F03DC32369EE23003E10E3 /* ShowableObjectSearchCell.swift */,
				89F03DC42369EE23003E10E3 /* ButtonCell.swift */,
			);
			path = CustomCells;
			sourceTree = "<group>";
		};
		89F03DE72369EE99003E10E3 /* CommonVC */ = {
			isa = PBXGroup;
			children = (
				89F03DE82369EE99003E10E3 /* NavigationBar.swift */,
				89F03DE92369EE99003E10E3 /* CommonViewController.swift */,
			);
			path = CommonVC;
			sourceTree = "<group>";
		};
		89F03DF52369F5B0003E10E3 /* Extensions */ = {
			isa = PBXGroup;
			children = (
				89F03DFE2369F604003E10E3 /* DeviceSizesExtensions.swift */,
				89F03DF72369F5C4003E10E3 /* StringExtension.swift */,
				89F03DF62369F5C4003E10E3 /* UIViewExtensions.swift */,
				89F03DFB2369F5CF003E10E3 /* SwiftExtensions.swift */,
				89F03DFA2369F5CF003E10E3 /* UIExtensions.swift */,
			);
			path = Extensions;
			sourceTree = "<group>";
		};
		89F03E062369F6C1003E10E3 /* CustomViews */ = {
			isa = PBXGroup;
			children = (
				89F03E012369F6BE003E10E3 /* LabeledSwitch.swift */,
				89F03E022369F6BE003E10E3 /* ButtonActionView.swift */,
			);
			path = CustomViews;
			sourceTree = "<group>";
		};
		89F03E072369FE5F003E10E3 /* SystemFiles */ = {
			isa = PBXGroup;
			children = (
				89F03D8A2369E823003E10E3 /* Assets.xcassets */,
				89F03D8C2369E823003E10E3 /* LaunchScreen.storyboard */,
				89F03D8F2369E823003E10E3 /* Info.plist */,
				89F03D7E2369E821003E10E3 /* AppDelegate.swift */,
			);
			path = SystemFiles;
			sourceTree = "<group>";
		};
		A0AEB3C3FD97B4A39DB890EF /* Pods */ = {
			isa = PBXGroup;
			children = (
				47A9B140637119053B270362 /* Pods-AFMusicPlaylist.debug.xcconfig */,
				9E327B47EFEF6C163BD0E4BA /* Pods-AFMusicPlaylist.release.xcconfig */,
			);
			path = Pods;
			sourceTree = "<group>";
		};
/* End PBXGroup section */

/* Begin PBXNativeTarget section */
		89F03D7A2369E821003E10E3 /* AFMusicPlaylist */ = {
			isa = PBXNativeTarget;
			buildConfigurationList = 89F03D922369E823003E10E3 /* Build configuration list for PBXNativeTarget "AFMusicPlaylist" */;
			buildPhases = (
				4E2379B58F5EED9CB1A370C1 /* [CP] Check Pods Manifest.lock */,
				89F03D772369E821003E10E3 /* Sources */,
				89F03D782369E821003E10E3 /* Frameworks */,
				89F03D792369E821003E10E3 /* Resources */,
				6E249594737D2038221D8839 /* [CP] Embed Pods Frameworks */,
			);
			buildRules = (
			);
			dependencies = (
			);
			name = AFMusicPlaylist;
			productName = AFMusicPlaylist;
			productReference = 89F03D7B2369E821003E10E3 /* AFMusicPlaylist.app */;
			productType = "com.apple.product-type.application";
		};
/* End PBXNativeTarget section */

/* Begin PBXProject section */
		89F03D732369E821003E10E3 /* Project object */ = {
			isa = PBXProject;
			attributes = {
				LastSwiftUpdateCheck = 1110;
				LastUpgradeCheck = 1110;
				ORGANIZATIONNAME = Chloe;
				TargetAttributes = {
					89F03D7A2369E821003E10E3 = {
						CreatedOnToolsVersion = 11.1;
					};
				};
			};
			buildConfigurationList = 89F03D762369E821003E10E3 /* Build configuration list for PBXProject "AFMusicPlaylist" */;
			compatibilityVersion = "Xcode 9.3";
			developmentRegion = en;
			hasScannedForEncodings = 0;
			knownRegions = (
				en,
				Base,
			);
			mainGroup = 89F03D722369E821003E10E3;
			productRefGroup = 89F03D7C2369E821003E10E3 /* Products */;
			projectDirPath = "";
			projectRoot = "";
			targets = (
				89F03D7A2369E821003E10E3 /* AFMusicPlaylist */,
			);
		};
/* End PBXProject section */

/* Begin PBXResourcesBuildPhase section */
		89F03D792369E821003E10E3 /* Resources */ = {
			isa = PBXResourcesBuildPhase;
			buildActionMask = 2147483647;
			files = (
				89F03D8E2369E823003E10E3 /* LaunchScreen.storyboard in Resources */,
				89F03D8B2369E823003E10E3 /* Assets.xcassets in Resources */,
			);
			runOnlyForDeploymentPostprocessing = 0;
		};
/* End PBXResourcesBuildPhase section */

/* Begin PBXShellScriptBuildPhase section */
		4E2379B58F5EED9CB1A370C1 /* [CP] Check Pods Manifest.lock */ = {
			isa = PBXShellScriptBuildPhase;
			buildActionMask = 2147483647;
			files = (
			);
			inputFileListPaths = (
			);
			inputPaths = (
				"${PODS_PODFILE_DIR_PATH}/Podfile.lock",
				"${PODS_ROOT}/Manifest.lock",
			);
			name = "[CP] Check Pods Manifest.lock";
			outputFileListPaths = (
			);
			outputPaths = (
				"$(DERIVED_FILE_DIR)/Pods-AFMusicPlaylist-checkManifestLockResult.txt",
			);
			runOnlyForDeploymentPostprocessing = 0;
			shellPath = /bin/sh;
			shellScript = "diff \"${PODS_PODFILE_DIR_PATH}/Podfile.lock\" \"${PODS_ROOT}/Manifest.lock\" > /dev/null\nif [ $? != 0 ] ; then\n    # print error to STDERR\n    echo \"error: The sandbox is not in sync with the Podfile.lock. Run 'pod install' or update your CocoaPods installation.\" >&2\n    exit 1\nfi\n# This output is used by Xcode 'outputs' to avoid re-running this script phase.\necho \"SUCCESS\" > \"${SCRIPT_OUTPUT_FILE_0}\"\n";
			showEnvVarsInLog = 0;
		};
		6E249594737D2038221D8839 /* [CP] Embed Pods Frameworks */ = {
			isa = PBXShellScriptBuildPhase;
			buildActionMask = 2147483647;
			files = (
			);
			inputFileListPaths = (
				"${PODS_ROOT}/Target Support Files/Pods-AFMusicPlaylist/Pods-AFMusicPlaylist-frameworks-${CONFIGURATION}-input-files.xcfilelist",
			);
			name = "[CP] Embed Pods Frameworks";
			outputFileListPaths = (
				"${PODS_ROOT}/Target Support Files/Pods-AFMusicPlaylist/Pods-AFMusicPlaylist-frameworks-${CONFIGURATION}-output-files.xcfilelist",
			);
			runOnlyForDeploymentPostprocessing = 0;
			shellPath = /bin/sh;
			shellScript = "\"${PODS_ROOT}/Target Support Files/Pods-AFMusicPlaylist/Pods-AFMusicPlaylist-frameworks.sh\"\n";
			showEnvVarsInLog = 0;
		};
/* End PBXShellScriptBuildPhase section */

/* Begin PBXSourcesBuildPhase section */
		89F03D772369E821003E10E3 /* Sources */ = {
			isa = PBXSourcesBuildPhase;
			buildActionMask = 2147483647;
			files = (
				89F03DE32369EE23003E10E3 /* SortCell.swift in Sources */,
				89F03DEB2369EE99003E10E3 /* CommonViewController.swift in Sources */,
				89F03D832369E821003E10E3 /* ViewController.swift in Sources */,
				89F03DCF2369EE23003E10E3 /* SOSearchView.swift in Sources */,
				89F03DFF2369F604003E10E3 /* DeviceSizesExtensions.swift in Sources */,
				89F03D7F2369E821003E10E3 /* AppDelegate.swift in Sources */,
				89F03DFC2369F5CF003E10E3 /* UIExtensions.swift in Sources */,
				89F03DE12369EE23003E10E3 /* ShowableObjectSearchController.swift in Sources */,
				89F03DFD2369F5CF003E10E3 /* SwiftExtensions.swift in Sources */,
				89F03DF82369F5C4003E10E3 /* UIViewExtensions.swift in Sources */,
				89F03D892369E821003E10E3 /* AFMusicPlaylist.xcdatamodeld in Sources */,
				89F03E042369F6BE003E10E3 /* LabeledSwitch.swift in Sources */,
				89F03DF92369F5C4003E10E3 /* StringExtension.swift in Sources */,
				89F03DCC2369EE23003E10E3 /* SOSearchViewManager.swift in Sources */,
				89F03DC62369EE23003E10E3 /* SearchHandlerDataSource.swift in Sources */,
				89F03E052369F6BE003E10E3 /* ButtonActionView.swift in Sources */,
				89F03DE42369EE23003E10E3 /* ShowableObjectSearchCell.swift in Sources */,
				89F03D9A2369EADB003E10E3 /* CoreDataEntity.swift in Sources */,
				89F03DEA2369EE99003E10E3 /* NavigationBar.swift in Sources */,
				89F03DCD2369EE23003E10E3 /* SOFiltarableSearchList.swift in Sources */,
				89F03DD32369EE23003E10E3 /* SOSearchData.swift in Sources */,
				89F03D972369E9D4003E10E3 /* CDUtility.swift in Sources */,
				89F03DE22369EE23003E10E3 /* SearchRowAction.swift in Sources */,
				89F03DD22369EE23003E10E3 /* PersonSelectionViewData.swift in Sources */,
				89F03DE62369EE23003E10E3 /* Array+FilteredSearch.swift in Sources */,
				89F03DE52369EE23003E10E3 /* ButtonCell.swift in Sources */,
			);
			runOnlyForDeploymentPostprocessing = 0;
		};
/* End PBXSourcesBuildPhase section */

/* Begin PBXVariantGroup section */
		89F03D8C2369E823003E10E3 /* LaunchScreen.storyboard */ = {
			isa = PBXVariantGroup;
			children = (
				89F03D8D2369E823003E10E3 /* Base */,
			);
			name = LaunchScreen.storyboard;
			sourceTree = "<group>";
		};
/* End PBXVariantGroup section */

/* Begin XCBuildConfiguration section */
		89F03D902369E823003E10E3 /* Debug */ = {
			isa = XCBuildConfiguration;
			buildSettings = {
				ALWAYS_SEARCH_USER_PATHS = NO;
				CLANG_ANALYZER_NONNULL = YES;
				CLANG_ANALYZER_NUMBER_OBJECT_CONVERSION = YES_AGGRESSIVE;
				CLANG_CXX_LANGUAGE_STANDARD = "gnu++14";
				CLANG_CXX_LIBRARY = "libc++";
				CLANG_ENABLE_MODULES = YES;
				CLANG_ENABLE_OBJC_ARC = YES;
				CLANG_ENABLE_OBJC_WEAK = YES;
				CLANG_WARN_BLOCK_CAPTURE_AUTORELEASING = YES;
				CLANG_WARN_BOOL_CONVERSION = YES;
				CLANG_WARN_COMMA = YES;
				CLANG_WARN_CONSTANT_CONVERSION = YES;
				CLANG_WARN_DEPRECATED_OBJC_IMPLEMENTATIONS = YES;
				CLANG_WARN_DIRECT_OBJC_ISA_USAGE = YES_ERROR;
				CLANG_WARN_DOCUMENTATION_COMMENTS = YES;
				CLANG_WARN_EMPTY_BODY = YES;
				CLANG_WARN_ENUM_CONVERSION = YES;
				CLANG_WARN_INFINITE_RECURSION = YES;
				CLANG_WARN_INT_CONVERSION = YES;
				CLANG_WARN_NON_LITERAL_NULL_CONVERSION = YES;
				CLANG_WARN_OBJC_IMPLICIT_RETAIN_SELF = YES;
				CLANG_WARN_OBJC_LITERAL_CONVERSION = YES;
				CLANG_WARN_OBJC_ROOT_CLASS = YES_ERROR;
				CLANG_WARN_RANGE_LOOP_ANALYSIS = YES;
				CLANG_WARN_STRICT_PROTOTYPES = YES;
				CLANG_WARN_SUSPICIOUS_MOVE = YES;
				CLANG_WARN_UNGUARDED_AVAILABILITY = YES_AGGRESSIVE;
				CLANG_WARN_UNREACHABLE_CODE = YES;
				CLANG_WARN__DUPLICATE_METHOD_MATCH = YES;
				COPY_PHASE_STRIP = NO;
				DEBUG_INFORMATION_FORMAT = dwarf;
				ENABLE_STRICT_OBJC_MSGSEND = YES;
				ENABLE_TESTABILITY = YES;
				GCC_C_LANGUAGE_STANDARD = gnu11;
				GCC_DYNAMIC_NO_PIC = NO;
				GCC_NO_COMMON_BLOCKS = YES;
				GCC_OPTIMIZATION_LEVEL = 0;
				GCC_PREPROCESSOR_DEFINITIONS = (
					"DEBUG=1",
					"$(inherited)",
				);
				GCC_WARN_64_TO_32_BIT_CONVERSION = YES;
				GCC_WARN_ABOUT_RETURN_TYPE = YES_ERROR;
				GCC_WARN_UNDECLARED_SELECTOR = YES;
				GCC_WARN_UNINITIALIZED_AUTOS = YES_AGGRESSIVE;
				GCC_WARN_UNUSED_FUNCTION = YES;
				GCC_WARN_UNUSED_VARIABLE = YES;
				IPHONEOS_DEPLOYMENT_TARGET = 13.1;
				MTL_ENABLE_DEBUG_INFO = INCLUDE_SOURCE;
				MTL_FAST_MATH = YES;
				ONLY_ACTIVE_ARCH = YES;
				SDKROOT = iphoneos;
				SWIFT_ACTIVE_COMPILATION_CONDITIONS = DEBUG;
				SWIFT_OPTIMIZATION_LEVEL = "-Onone";
			};
			name = Debug;
		};
		89F03D912369E823003E10E3 /* Release */ = {
			isa = XCBuildConfiguration;
			buildSettings = {
				ALWAYS_SEARCH_USER_PATHS = NO;
				CLANG_ANALYZER_NONNULL = YES;
				CLANG_ANALYZER_NUMBER_OBJECT_CONVERSION = YES_AGGRESSIVE;
				CLANG_CXX_LANGUAGE_STANDARD = "gnu++14";
				CLANG_CXX_LIBRARY = "libc++";
				CLANG_ENABLE_MODULES = YES;
				CLANG_ENABLE_OBJC_ARC = YES;
				CLANG_ENABLE_OBJC_WEAK = YES;
				CLANG_WARN_BLOCK_CAPTURE_AUTORELEASING = YES;
				CLANG_WARN_BOOL_CONVERSION = YES;
				CLANG_WARN_COMMA = YES;
				CLANG_WARN_CONSTANT_CONVERSION = YES;
				CLANG_WARN_DEPRECATED_OBJC_IMPLEMENTATIONS = YES;
				CLANG_WARN_DIRECT_OBJC_ISA_USAGE = YES_ERROR;
				CLANG_WARN_DOCUMENTATION_COMMENTS = YES;
				CLANG_WARN_EMPTY_BODY = YES;
				CLANG_WARN_ENUM_CONVERSION = YES;
				CLANG_WARN_INFINITE_RECURSION = YES;
				CLANG_WARN_INT_CONVERSION = YES;
				CLANG_WARN_NON_LITERAL_NULL_CONVERSION = YES;
				CLANG_WARN_OBJC_IMPLICIT_RETAIN_SELF = YES;
				CLANG_WARN_OBJC_LITERAL_CONVERSION = YES;
				CLANG_WARN_OBJC_ROOT_CLASS = YES_ERROR;
				CLANG_WARN_RANGE_LOOP_ANALYSIS = YES;
				CLANG_WARN_STRICT_PROTOTYPES = YES;
				CLANG_WARN_SUSPICIOUS_MOVE = YES;
				CLANG_WARN_UNGUARDED_AVAILABILITY = YES_AGGRESSIVE;
				CLANG_WARN_UNREACHABLE_CODE = YES;
				CLANG_WARN__DUPLICATE_METHOD_MATCH = YES;
				COPY_PHASE_STRIP = NO;
				DEBUG_INFORMATION_FORMAT = "dwarf-with-dsym";
				ENABLE_NS_ASSERTIONS = NO;
				ENABLE_STRICT_OBJC_MSGSEND = YES;
				GCC_C_LANGUAGE_STANDARD = gnu11;
				GCC_NO_COMMON_BLOCKS = YES;
				GCC_WARN_64_TO_32_BIT_CONVERSION = YES;
				GCC_WARN_ABOUT_RETURN_TYPE = YES_ERROR;
				GCC_WARN_UNDECLARED_SELECTOR = YES;
				GCC_WARN_UNINITIALIZED_AUTOS = YES_AGGRESSIVE;
				GCC_WARN_UNUSED_FUNCTION = YES;
				GCC_WARN_UNUSED_VARIABLE = YES;
				IPHONEOS_DEPLOYMENT_TARGET = 13.1;
				MTL_ENABLE_DEBUG_INFO = NO;
				MTL_FAST_MATH = YES;
				SDKROOT = iphoneos;
				SWIFT_COMPILATION_MODE = wholemodule;
				SWIFT_OPTIMIZATION_LEVEL = "-O";
				VALIDATE_PRODUCT = YES;
			};
			name = Release;
		};
		89F03D932369E823003E10E3 /* Debug */ = {
			isa = XCBuildConfiguration;
			baseConfigurationReference = 47A9B140637119053B270362 /* Pods-AFMusicPlaylist.debug.xcconfig */;
			buildSettings = {
				ASSETCATALOG_COMPILER_APPICON_NAME = AppIcon;
				CODE_SIGN_STYLE = Automatic;
				INFOPLIST_FILE = AFMusicPlaylist/Info.plist;
				IPHONEOS_DEPLOYMENT_TARGET = 12.0;
				LD_RUNPATH_SEARCH_PATHS = (
					"$(inherited)",
					"@executable_path/Frameworks",
				);
				PRODUCT_BUNDLE_IDENTIFIER = sunstory.AFMusicPlaylist;
				PRODUCT_NAME = "$(TARGET_NAME)";
				SWIFT_VERSION = 5.0;
				TARGETED_DEVICE_FAMILY = "1,2";
			};
			name = Debug;
		};
		89F03D942369E823003E10E3 /* Release */ = {
			isa = XCBuildConfiguration;
			baseConfigurationReference = 9E327B47EFEF6C163BD0E4BA /* Pods-AFMusicPlaylist.release.xcconfig */;
			buildSettings = {
				ASSETCATALOG_COMPILER_APPICON_NAME = AppIcon;
				CODE_SIGN_STYLE = Automatic;
				INFOPLIST_FILE = AFMusicPlaylist/Info.plist;
				IPHONEOS_DEPLOYMENT_TARGET = 12.0;
				LD_RUNPATH_SEARCH_PATHS = (
					"$(inherited)",
					"@executable_path/Frameworks",
				);
				PRODUCT_BUNDLE_IDENTIFIER = sunstory.AFMusicPlaylist;
				PRODUCT_NAME = "$(TARGET_NAME)";
				SWIFT_VERSION = 5.0;
				TARGETED_DEVICE_FAMILY = "1,2";
			};
			name = Release;
		};
/* End XCBuildConfiguration section */

/* Begin XCConfigurationList section */
		89F03D762369E821003E10E3 /* Build configuration list for PBXProject "AFMusicPlaylist" */ = {
			isa = XCConfigurationList;
			buildConfigurations = (
				89F03D902369E823003E10E3 /* Debug */,
				89F03D912369E823003E10E3 /* Release */,
			);
			defaultConfigurationIsVisible = 0;
			defaultConfigurationName = Release;
		};
		89F03D922369E823003E10E3 /* Build configuration list for PBXNativeTarget "AFMusicPlaylist" */ = {
			isa = XCConfigurationList;
			buildConfigurations = (
				89F03D932369E823003E10E3 /* Debug */,
				89F03D942369E823003E10E3 /* Release */,
			);
			defaultConfigurationIsVisible = 0;
			defaultConfigurationName = Release;
		};
/* End XCConfigurationList section */

/* Begin XCVersionGroup section */
		89F03D872369E821003E10E3 /* AFMusicPlaylist.xcdatamodeld */ = {
			isa = XCVersionGroup;
			children = (
				89F03D882369E821003E10E3 /* AFMusicPlaylist.xcdatamodel */,
			);
			currentVersion = 89F03D882369E821003E10E3 /* AFMusicPlaylist.xcdatamodel */;
			path = AFMusicPlaylist.xcdatamodeld;
			sourceTree = "<group>";
			versionGroupType = wrapper.xcdatamodel;
		};
/* End XCVersionGroup section */
	};
	rootObject = 89F03D732369E821003E10E3 /* Project object */;
}
